Microsoft Visual Studio Solution File, Format Version 11.00
# Visual Studio 2008

Project("{106D6A60-386B-448F-80D4-01758C203F54}") = "オペレーションメテオ", "Assembly-CSharp.csproj", "{DD08720B-9DA4-50BE-219F-60491422CA8A}"
EndProject
Global
	GlobalSection(SolutionConfigurationPlatforms) = preSolution
		Debug|Any CPU = Debug|Any CPU
		Release|Any CPU = Release|Any CPU
	EndGlobalSection
	GlobalSection(ProjectConfigurationPlatforms) = postSolution
		{DD08720B-9DA4-50BE-219F-60491422CA8A}.Debug|Any CPU.ActiveCfg = Debug|Any CPU
		{DD08720B-9DA4-50BE-219F-60491422CA8A}.Debug|Any CPU.Build.0 = Debug|Any CPU
		{DD08720B-9DA4-50BE-219F-60491422CA8A}.Release|Any CPU.ActiveCfg = Release|Any CPU
		{DD08720B-9DA4-50BE-219F-60491422CA8A}.Release|Any CPU.Build.0 = Release|Any CPU
	EndGlobalSection
	GlobalSection(SolutionProperties) = preSolution
		HideSolutionNode = FALSE
	EndGlobalSection
	GlobalSection(MonoDevelopProperties) = preSolution
		StartupItem = Assembly-CSharp.csproj
	EndGlobalSection
EndGlobal
